
Microsoft Visual Studio Solution File, Format Version 12.00
# Visual Studio Version 17
VisualStudioVersion = 17.14.36401.2 d17.14
MinimumVisualStudioVersion = 10.0.40219.1
Project("{FAE04EC0-301F-11D3-BF4B-00C04F79EFBC}") = "OmxPythonRunner", "OmxPythonRunner.csproj", "{3EEAA9D7-22EC-FC7A-16FC-7CD94ED2FFCD}"
EndProject
Global
	GlobalSection(SolutionConfigurationPlatforms) = preSolution
		Debug|Any CPU = Debug|Any CPU
		Release|Any CPU = Release|Any CPU
	EndGlobalSection
	GlobalSection(ProjectConfigurationPlatforms) = postSolution
		{3EEAA9D7-22EC-FC7A-16FC-7CD94ED2FFCD}.Debug|Any CPU.ActiveCfg = Debug|Any CPU
		{3EEAA9D7-22EC-FC7A-16FC-7CD94ED2FFCD}.Debug|Any CPU.Build.0 = Debug|Any CPU
		{3EEAA9D7-22EC-FC7A-16FC-7CD94ED2FFCD}.Release|Any CPU.ActiveCfg = Release|Any CPU
		{3EEAA9D7-22EC-FC7A-16FC-7CD94ED2FFCD}.Release|Any CPU.Build.0 = Release|Any CPU
	EndGlobalSection
	GlobalSection(SolutionProperties) = preSolution
		HideSolutionNode = FALSE
	EndGlobalSection
	GlobalSection(ExtensibilityGlobals) = postSolution
		SolutionGuid = {8ED004B1-411D-4E7B-96C9-9E59149015D5}
	EndGlobalSection
EndGlobal
